<?xml version="1.0" encoding="utf-8"?>
<Project ToolsVersion="4.0" xmlns="http://schemas.microsoft.com/developer/msbuild/2003">
  <ItemGroup>
    <Filter Include="Source Files">
      <UniqueIdentifier>{4FC737F1-C7A5-4376-A066-2A32D752A2FF}</UniqueIdentifier>
      <Extensions>cpp;c;cc;cxx;c++;cppm;ixx;def;odl;idl;hpj;bat;asm;asmx</Extensions>
    </Filter>
    <Filter Include="Resource Files">
      <UniqueIdentifier>{67DA6AB6-F800-4c08-8B7A-83BB121AAD01}</UniqueIdentifier>
      <Extensions>rc;ico;cur;bmp;dlg;rc2;rct;bin;rgs;gif;jpg;jpeg;jpe;resx;tiff;tif;png;wav;mfcribbon-ms</Extensions>
    </Filter>
    <Filter Include="Shaders">
      <UniqueIdentifier>{eb2e6c44-d498-433f-8cf7-82821a8ddb96}</UniqueIdentifier>
    </Filter>
    <Filter Include="Source Files\Networking">
      <UniqueIdentifier>{76031ace-e721-45b9-abe8-8bd85f986b07}</UniqueIdentifier>
    </Filter>
    <Filter Include="Source Files\Parts">
      <UniqueIdentifier>{81dc77f3-dadb-42f2-aed9-61345147e743}</UniqueIdentifier>
    </Filter>
    <Filter Include="Source Files\Third-Party">
      <UniqueIdentifier>{b77f2829-195b-4ea4-8273-67b61165c5c6}</UniqueIdentifier>
    </Filter>
    <Filter Include="Source Files\Third-Party\imgui">
      <UniqueIdentifier>{4498e363-cecc-41c8-b25e-c65e956b25cf}</UniqueIdentifier>
    </Filter>
    <Filter Include="Source Files\Third-Party\GLAD">
      <UniqueIdentifier>{d5b021b9-30a2-416d-841e-3763ebe67cc7}</UniqueIdentifier>
    </Filter>
    <Filter Include="Source Files\Scene Management">
      <UniqueIdentifier>{72005ac3-ad82-46d2-b2e6-527517855f9a}</UniqueIdentifier>
    </Filter>
    <Filter Include="Source Files\Networking\Messenger">
      <UniqueIdentifier>{7aa7a8ad-c989-4174-96b9-90360e672617}</UniqueIdentifier>
    </Filter>
    <Filter Include="Source Files\Third-Party\stb">
      <UniqueIdentifier>{84d589c5-9e09-4125-b508-c64522ff9845}</UniqueIdentifier>
    </Filter>
    <Filter Include="Source Files\Misc">
      <UniqueIdentifier>{dfd8a0f8-c52f-4699-98a2-4ad3f47acaff}</UniqueIdentifier>
    </Filter>
    <Filter Include="Source Files\Rendering">
      <UniqueIdentifier>{242ffe14-7501-4c9a-8f83-4572fe6fd244}</UniqueIdentifier>
    </Filter>
    <Filter Include="Source Files\Networking\eNet">
      <UniqueIdentifier>{be834839-75de-4247-8b62-241ef958309b}</UniqueIdentifier>
    </Filter>
    <Filter Include="Source Files\Systems">
      <UniqueIdentifier>{f60ce024-c93b-46e0-9a13-7117129651af}</UniqueIdentifier>
    </Filter>
    <Filter Include="Source Files\Physics">
      <UniqueIdentifier>{a920641d-cef6-4ff5-8480-d14c9ddc90e9}</UniqueIdentifier>
    </Filter>
    <Filter Include="Source Files\Scene Management\Scenes">
      <UniqueIdentifier>{2a383f46-890a-418c-86ef-63c34d703e53}</UniqueIdentifier>
    </Filter>
    <Filter Include="Source Files\Parts\Lights">
      <UniqueIdentifier>{fd18241c-97c2-4dcb-acee-9ffa49f6d7b5}</UniqueIdentifier>
    </Filter>
    <Filter Include="Source Files\Third-Party\stb\imguizmo">
      <UniqueIdentifier>{88879a22-0acc-4dea-ae36-98856c989c42}</UniqueIdentifier>
    </Filter>
    <Filter Include="Source Files\Third-Party\soloud">
      <UniqueIdentifier>{8c7b4950-e176-45fd-8374-9241df97f0e6}</UniqueIdentifier>
    </Filter>
    <Filter Include="Source Files\Third-Party\soloud\backends">
      <UniqueIdentifier>{b8c33319-b9b1-4de7-91e4-e70c38cfe72c}</UniqueIdentifier>
    </Filter>
    <Filter Include="Source Files\Third-Party\soloud\audiosource">
      <UniqueIdentifier>{b989e20d-0175-4986-a105-b3695311adf7}</UniqueIdentifier>
    </Filter>
    <Filter Include="Source Files\Third-Party\soloud\audiosource\wav">
      <UniqueIdentifier>{60996d84-e834-47cb-a18b-a48fe8bceece}</UniqueIdentifier>
    </Filter>
    <Filter Include="Source Files\Third-Party\soloud\core">
      <UniqueIdentifier>{9ae7af90-7bca-491e-a511-14745b6a322d}</UniqueIdentifier>
    </Filter>
  </ItemGroup>
  <ItemGroup>
    <ClCompile Include="Main.cpp">
      <Filter>Source Files</Filter>
    </ClCompile>
    <ClCompile Include="Client.cpp">
      <Filter>Source Files\Networking</Filter>
    </ClCompile>
    <ClCompile Include="Server.cpp">
      <Filter>Source Files\Networking</Filter>
    </ClCompile>
    <ClCompile Include="MessengerNetwork.cpp">
      <Filter>Source Files\Networking\Messenger</Filter>
    </ClCompile>
    <ClCompile Include="MessengerClient.cpp">
      <Filter>Source Files\Networking\Messenger</Filter>
    </ClCompile>
    <ClCompile Include="MessengerInterface.cpp">
      <Filter>Source Files\Networking\Messenger</Filter>
    </ClCompile>
    <ClCompile Include="MessengerServer.cpp">
      <Filter>Source Files\Networking\Messenger</Filter>
    </ClCompile>
    <ClCompile Include="Network.cpp">
      <Filter>Source Files\Networking</Filter>
    </ClCompile>
    <ClCompile Include="Material.cpp">
      <Filter>Source Files\Rendering</Filter>
    </ClCompile>
    <ClCompile Include="Texture.cpp">
      <Filter>Source Files\Rendering</Filter>
    </ClCompile>
    <ClCompile Include="Camera.cpp">
      <Filter>Source Files\Parts</Filter>
    </ClCompile>
    <ClCompile Include="Shader.cpp">
      <Filter>Source Files\Rendering</Filter>
    </ClCompile>
    <ClCompile Include="Transform.cpp">
      <Filter>Source Files\Parts</Filter>
    </ClCompile>
    <ClCompile Include="ResourceManager.cpp">
      <Filter>Source Files\Rendering</Filter>
    </ClCompile>
    <ClCompile Include="Scene.cpp">
      <Filter>Source Files\Scene Management</Filter>
    </ClCompile>
    <ClCompile Include="SceneManager.cpp">
      <Filter>Source Files\Scene Management</Filter>
    </ClCompile>
    <ClCompile Include="SceneObject.cpp">
      <Filter>Source Files\Scene Management</Filter>
    </ClCompile>
    <ClCompile Include="Utilities.cpp">
      <Filter>Source Files\Misc</Filter>
    </ClCompile>
    <ClCompile Include="GUI.cpp">
      <Filter>Source Files\Misc</Filter>
    </ClCompile>
    <ClCompile Include="ImGuiStyles.cpp">
      <Filter>Source Files\Misc</Filter>
    </ClCompile>
    <ClCompile Include="FrameBuffer.cpp">
      <Filter>Source Files\Rendering</Filter>
    </ClCompile>
    <ClCompile Include="eNetTest.cpp">
      <Filter>Source Files\Networking\eNet</Filter>
    </ClCompile>
    <ClCompile Include="RenderSystem.cpp">
      <Filter>Source Files\Systems</Filter>
    </ClCompile>
    <ClCompile Include="RigidBody.cpp">
      <Filter>Source Files\Parts</Filter>
    </ClCompile>
    <ClCompile Include="Input.cpp">
      <Filter>Source Files\Systems</Filter>
    </ClCompile>
    <ClCompile Include="LineRenderer.cpp">
      <Filter>Source Files\Rendering</Filter>
    </ClCompile>
    <ClCompile Include="Image.cpp">
      <Filter>Source Files\Rendering</Filter>
    </ClCompile>
    <ClCompile Include="Serialisation.cpp">
      <Filter>Source Files\Misc</Filter>
    </ClCompile>
    <ClCompile Include="DirectionalLight.cpp">
      <Filter>Source Files\Parts\Lights</Filter>
    </ClCompile>
    <ClCompile Include="Light.cpp">
      <Filter>Source Files\Parts\Lights</Filter>
    </ClCompile>
    <ClCompile Include="PointLight.cpp">
      <Filter>Source Files\Parts\Lights</Filter>
    </ClCompile>
    <ClCompile Include="Spotlight.cpp">
      <Filter>Source Files\Parts\Lights</Filter>
    </ClCompile>
    <ClCompile Include="hashFNV1A.cpp">
      <Filter>Source Files\Misc</Filter>
    </ClCompile>
    <ClCompile Include="ExtraEditorGUI.cpp">
      <Filter>Source Files\Misc</Filter>
    </ClCompile>
    <ClCompile Include="ImGuizmo.cpp">
      <Filter>Source Files\Third-Party\stb\imguizmo</Filter>
    </ClCompile>
    <ClCompile Include="UserPreferences.cpp">
      <Filter>Source Files\Misc</Filter>
    </ClCompile>
    <ClCompile Include="ComputeShader.cpp">
      <Filter>Source Files\Rendering</Filter>
    </ClCompile>
    <ClCompile Include="PrefabManager.cpp">
      <Filter>Source Files\Scene Management</Filter>
    </ClCompile>
    <ClCompile Include="Particle.cpp">
      <Filter>Source Files\Rendering</Filter>
    </ClCompile>
    <ClCompile Include="..\Third Party\imgui\imgui_tables.cpp">
      <Filter>Source Files\Third-Party\imgui</Filter>
    </ClCompile>
    <ClCompile Include="..\Third Party\imgui\imgui_widgets.cpp">
      <Filter>Source Files\Third-Party\imgui</Filter>
    </ClCompile>
    <ClCompile Include="..\Third Party\imgui\imgui.cpp">
      <Filter>Source Files\Third-Party\imgui</Filter>
    </ClCompile>
    <ClCompile Include="..\Third Party\imgui\imgui_demo.cpp">
      <Filter>Source Files\Third-Party\imgui</Filter>
    </ClCompile>
    <ClCompile Include="..\Third Party\imgui\imgui_draw.cpp">
      <Filter>Source Files\Third-Party\imgui</Filter>
    </ClCompile>
    <ClCompile Include="..\Third Party\imgui\imgui_impl_glfw.cpp">
      <Filter>Source Files\Third-Party\imgui</Filter>
    </ClCompile>
    <ClCompile Include="..\Third Party\imgui\imgui_impl_opengl3.cpp">
      <Filter>Source Files\Third-Party\imgui</Filter>
    </ClCompile>
    <ClCompile Include="..\Third Party\imgui\imgui_stdlib.cpp">
      <Filter>Source Files\Third-Party\imgui</Filter>
    </ClCompile>
    <ClCompile Include="glad.c">
      <Filter>Source Files\Third-Party\GLAD</Filter>
    </ClCompile>
    <ClCompile Include="ModelHierarchyInfo.cpp">
      <Filter>Source Files\Rendering</Filter>
    </ClCompile>
    <ClCompile Include="..\Third Party\soloud\src\backend\winmm\soloud_winmm.cpp">
      <Filter>Source Files\Third-Party\soloud\backends</Filter>
    </ClCompile>
    <ClCompile Include="..\Third Party\soloud\src\audiosource\wav\soloud_wavstream.cpp">
      <Filter>Source Files\Third-Party\soloud\audiosource\wav</Filter>
    </ClCompile>
    <ClCompile Include="..\Third Party\soloud\src\audiosource\wav\stb_vorbis.c">
      <Filter>Source Files\Third-Party\soloud\audiosource\wav</Filter>
    </ClCompile>
    <ClCompile Include="..\Third Party\soloud\src\audiosource\wav\dr_impl.cpp">
      <Filter>Source Files\Third-Party\soloud\audiosource\wav</Filter>
    </ClCompile>
    <ClCompile Include="..\Third Party\soloud\src\audiosource\wav\soloud_wav.cpp">
      <Filter>Source Files\Third-Party\soloud\audiosource\wav</Filter>
    </ClCompile>
    <ClCompile Include="..\Third Party\soloud\src\core\soloud_core_getters.cpp">
      <Filter>Source Files\Third-Party\soloud\core</Filter>
    </ClCompile>
    <ClCompile Include="..\Third Party\soloud\src\core\soloud_core_setters.cpp">
      <Filter>Source Files\Third-Party\soloud\core</Filter>
    </ClCompile>
    <ClCompile Include="..\Third Party\soloud\src\core\soloud_core_voicegroup.cpp">
      <Filter>Source Files\Third-Party\soloud\core</Filter>
    </ClCompile>
    <ClCompile Include="..\Third Party\soloud\src\core\soloud_core_voiceops.cpp">
      <Filter>Source Files\Third-Party\soloud\core</Filter>
    </ClCompile>
    <ClCompile Include="..\Third Party\soloud\src\core\soloud_fader.cpp">
      <Filter>Source Files\Third-Party\soloud\core</Filter>
    </ClCompile>
    <ClCompile Include="..\Third Party\soloud\src\core\soloud_fft.cpp">
      <Filter>Source Files\Third-Party\soloud\core</Filter>
    </ClCompile>
    <ClCompile Include="..\Third Party\soloud\src\core\soloud_fft_lut.cpp">
      <Filter>Source Files\Third-Party\soloud\core</Filter>
    </ClCompile>
    <ClCompile Include="..\Third Party\soloud\src\core\soloud_file.cpp">
      <Filter>Source Files\Third-Party\soloud\core</Filter>
    </ClCompile>
    <ClCompile Include="..\Third Party\soloud\src\core\soloud_filter.cpp">
      <Filter>Source Files\Third-Party\soloud\core</Filter>
    </ClCompile>
    <ClCompile Include="..\Third Party\soloud\src\core\soloud_misc.cpp">
      <Filter>Source Files\Third-Party\soloud\core</Filter>
    </ClCompile>
    <ClCompile Include="..\Third Party\soloud\src\core\soloud_queue.cpp">
      <Filter>Source Files\Third-Party\soloud\core</Filter>
    </ClCompile>
    <ClCompile Include="..\Third Party\soloud\src\core\soloud_thread.cpp">
      <Filter>Source Files\Third-Party\soloud\core</Filter>
    </ClCompile>
    <ClCompile Include="..\Third Party\soloud\src\core\soloud.cpp">
      <Filter>Source Files\Third-Party\soloud\core</Filter>
    </ClCompile>
    <ClCompile Include="..\Third Party\soloud\src\core\soloud_audiosource.cpp">
      <Filter>Source Files\Third-Party\soloud\core</Filter>
    </ClCompile>
    <ClCompile Include="..\Third Party\soloud\src\core\soloud_bus.cpp">
      <Filter>Source Files\Third-Party\soloud\core</Filter>
    </ClCompile>
    <ClCompile Include="..\Third Party\soloud\src\core\soloud_core_3d.cpp">
      <Filter>Source Files\Third-Party\soloud\core</Filter>
    </ClCompile>
    <ClCompile Include="..\Third Party\soloud\src\core\soloud_core_basicops.cpp">
      <Filter>Source Files\Third-Party\soloud\core</Filter>
    </ClCompile>
    <ClCompile Include="..\Third Party\soloud\src\core\soloud_core_faderops.cpp">
      <Filter>Source Files\Third-Party\soloud\core</Filter>
    </ClCompile>
    <ClCompile Include="..\Third Party\soloud\src\core\soloud_core_filterops.cpp">
      <Filter>Source Files\Third-Party\soloud\core</Filter>
    </ClCompile>
    <ClCompile Include="Audio.cpp">
      <Filter>Source Files\Systems</Filter>
    </ClCompile>
    <ClCompile Include="ImguiMathsGLM.cpp">
      <Filter>Source Files\Third-Party</Filter>
    </ClCompile>
    <ClCompile Include="UiElement.cpp">
      <Filter>Source Files\Misc</Filter>
    </ClCompile>
    <ClCompile Include="TestScene.cpp">
      <Filter>Source Files\Scene Management\Scenes</Filter>
    </ClCompile>
    <ClCompile Include="Mesh.cpp">
      <Filter>Source Files</Filter>
    </ClCompile>
  </ItemGroup>
  <ItemGroup>
    <ClInclude Include="Server.h">
      <Filter>Source Files\Networking</Filter>
    </ClInclude>
    <ClInclude Include="Client.h">
      <Filter>Source Files\Networking</Filter>
    </ClInclude>
    <ClInclude Include="Network.h">
      <Filter>Source Files\Networking</Filter>
    </ClInclude>
    <ClInclude Include="MessengerServer.h">
      <Filter>Source Files\Networking\Messenger</Filter>
    </ClInclude>
    <ClInclude Include="MessengerNetwork.h">
      <Filter>Source Files\Networking\Messenger</Filter>
    </ClInclude>
    <ClInclude Include="MessengerClient.h">
      <Filter>Source Files\Networking\Messenger</Filter>
    </ClInclude>
    <ClInclude Include="MessengerInterface.h">
      <Filter>Source Files\Networking\Messenger</Filter>
    </ClInclude>
    <ClInclude Include="Camera.h">
      <Filter>Source Files\Parts</Filter>
    </ClInclude>
    <ClInclude Include="Material.h">
      <Filter>Source Files\Rendering</Filter>
    </ClInclude>
    <ClInclude Include="ResourceManager.h">
      <Filter>Source Files\Rendering</Filter>
    </ClInclude>
    <ClInclude Include="Scene.h">
      <Filter>Source Files\Scene Management</Filter>
    </ClInclude>
    <ClInclude Include="SceneManager.h">
      <Filter>Source Files\Scene Management</Filter>
    </ClInclude>
    <ClInclude Include="SceneObject.h">
      <Filter>Source Files\Scene Management</Filter>
    </ClInclude>
    <ClInclude Include="Graphics.h">
      <Filter>Source Files\Third-Party</Filter>
    </ClInclude>
    <ClInclude Include="Transform.h">
      <Filter>Source Files\Parts</Filter>
    </ClInclude>
    <ClInclude Include="Maths.h">
      <Filter>Source Files\Third-Party</Filter>
    </ClInclude>
    <ClInclude Include="Shader.h">
      <Filter>Source Files\Rendering</Filter>
    </ClInclude>
    <ClInclude Include="Texture.h">
      <Filter>Source Files\Rendering</Filter>
    </ClInclude>
    <ClInclude Include="stb_image.h">
      <Filter>Source Files\Third-Party\stb</Filter>
    </ClInclude>
    <ClInclude Include="Utilities.h">
      <Filter>Source Files\Misc</Filter>
    </ClInclude>
    <ClInclude Include="GUI.h">
      <Filter>Source Files\Misc</Filter>
    </ClInclude>
    <ClInclude Include="ImGuiStyles.h">
      <Filter>Source Files\Misc</Filter>
    </ClInclude>
    <ClInclude Include="FixedSizeQueue.h">
      <Filter>Source Files\Misc</Filter>
    </ClInclude>
    <ClInclude Include="FrameBuffer.h">
      <Filter>Source Files\Rendering</Filter>
    </ClInclude>
    <ClInclude Include="toml.hpp">
      <Filter>Source Files\Third-Party</Filter>
    </ClInclude>
    <ClInclude Include="RigidBody.h">
      <Filter>Source Files\Parts</Filter>
    </ClInclude>
    <ClInclude Include="Input.h">
      <Filter>Source Files\Systems</Filter>
    </ClInclude>
    <ClInclude Include="LineRenderer.h">
      <Filter>Source Files\Rendering</Filter>
    </ClInclude>
    <ClInclude Include="stb_image_write.h">
      <Filter>Source Files\Third-Party\stb</Filter>
    </ClInclude>
    <ClInclude Include="ModelHierarchyInfo.h">
      <Filter>Source Files\Rendering</Filter>
    </ClInclude>
    <ClInclude Include="Image.h">
      <Filter>Source Files\Rendering</Filter>
    </ClInclude>
    <ClInclude Include="Serialisation.h">
      <Filter>Source Files\Misc</Filter>
    </ClInclude>
    <ClInclude Include="DirectionalLight.h">
      <Filter>Source Files\Parts\Lights</Filter>
    </ClInclude>
    <ClInclude Include="Light.h">
      <Filter>Source Files\Parts\Lights</Filter>
    </ClInclude>
    <ClInclude Include="Lights.h">
      <Filter>Source Files\Parts\Lights</Filter>
    </ClInclude>
    <ClInclude Include="PointLight.h">
      <Filter>Source Files\Parts\Lights</Filter>
    </ClInclude>
    <ClInclude Include="Spotlight.h">
      <Filter>Source Files\Parts\Lights</Filter>
    </ClInclude>
    <ClInclude Include="hashFNV1A.h">
      <Filter>Source Files\Misc</Filter>
    </ClInclude>
    <ClInclude Include="Paths.h">
      <Filter>Source Files\Misc</Filter>
    </ClInclude>
    <ClInclude Include="ExtraEditorGUI.h">
      <Filter>Source Files\Misc</Filter>
    </ClInclude>
    <ClInclude Include="EditorGUI.h">
      <Filter>Source Files\Third-Party</Filter>
    </ClInclude>
    <ClInclude Include="ImGuizmo.h">
      <Filter>Source Files\Third-Party\stb\imguizmo</Filter>
    </ClInclude>
    <ClInclude Include="eNetTest.h">
      <Filter>Source Files\Networking\eNet</Filter>
    </ClInclude>
    <ClInclude Include="UserPreferences.h">
      <Filter>Source Files\Misc</Filter>
    </ClInclude>
    <ClInclude Include="ComputeShader.h">
      <Filter>Source Files\Rendering</Filter>
    </ClInclude>
    <ClInclude Include="PrefabManager.h">
      <Filter>Source Files\Scene Management</Filter>
    </ClInclude>
    <ClInclude Include="Particle.h">
      <Filter>Source Files\Rendering</Filter>
    </ClInclude>
    <ClInclude Include="..\Third Party\imgui\imstb_rectpack.h">
      <Filter>Source Files\Third-Party\imgui</Filter>
    </ClInclude>
    <ClInclude Include="..\Third Party\imgui\imstb_textedit.h">
      <Filter>Source Files\Third-Party\imgui</Filter>
    </ClInclude>
    <ClInclude Include="..\Third Party\imgui\imstb_truetype.h">
      <Filter>Source Files\Third-Party\imgui</Filter>
    </ClInclude>
    <ClInclude Include="..\Third Party\imgui\imconfig.h">
      <Filter>Source Files\Third-Party\imgui</Filter>
    </ClInclude>
    <ClInclude Include="..\Third Party\imgui\imgui.h">
      <Filter>Source Files\Third-Party\imgui</Filter>
    </ClInclude>
    <ClInclude Include="..\Third Party\imgui\imgui_impl_glfw.h">
      <Filter>Source Files\Third-Party\imgui</Filter>
    </ClInclude>
    <ClInclude Include="..\Third Party\imgui\imgui_impl_opengl3.h">
      <Filter>Source Files\Third-Party\imgui</Filter>
    </ClInclude>
    <ClInclude Include="..\Third Party\imgui\imgui_impl_opengl3_loader.h">
      <Filter>Source Files\Third-Party\imgui</Filter>
    </ClInclude>
    <ClInclude Include="..\Third Party\imgui\imgui_internal.h">
      <Filter>Source Files\Third-Party\imgui</Filter>
    </ClInclude>
    <ClInclude Include="..\Third Party\imgui\imgui_stdlib.h">
      <Filter>Source Files\Third-Party\imgui</Filter>
    </ClInclude>
    <ClInclude Include="glad.h">
      <Filter>Source Files\Third-Party\GLAD</Filter>
    </ClInclude>
    <ClInclude Include="khrplatform.h">
      <Filter>Source Files\Third-Party\GLAD</Filter>
    </ClInclude>
    <ClInclude Include="..\Third Party\soloud\src\audiosource\wav\stb_vorbis.h">
      <Filter>Source Files\Third-Party\soloud\audiosource\wav</Filter>
    </ClInclude>
    <ClInclude Include="..\Third Party\soloud\src\audiosource\wav\dr_flac.h">
      <Filter>Source Files\Third-Party\soloud\audiosource\wav</Filter>
    </ClInclude>
    <ClInclude Include="..\Third Party\soloud\src\audiosource\wav\dr_mp3.h">
      <Filter>Source Files\Third-Party\soloud\audiosource\wav</Filter>
    </ClInclude>
    <ClInclude Include="..\Third Party\soloud\src\audiosource\wav\dr_wav.h">
      <Filter>Source Files\Third-Party\soloud\audiosource\wav</Filter>
    </ClInclude>
    <ClInclude Include="Audio.h">
      <Filter>Source Files\Systems</Filter>
    </ClInclude>
    <ClInclude Include="ImguiMathsGLM.h">
      <Filter>Source Files\Third-Party</Filter>
    </ClInclude>
    <ClInclude Include="UiElement.h">
      <Filter>Source Files\Misc</Filter>
    </ClInclude>
    <ClInclude Include="RenderSystem.h">
      <Filter>Source Files\Systems</Filter>
    </ClInclude>
    <ClInclude Include="TestScene.h">
      <Filter>Source Files\Scene Management\Scenes</Filter>
    </ClInclude>
    <ClInclude Include="Mesh.h" />
  </ItemGroup>
  <ItemGroup>
    <None Include="..\Shaders\cubemap.frag">
      <Filter>Shaders</Filter>
    </None>
    <None Include="..\Shaders\cubemap.vert">
      <Filter>Shaders</Filter>
    </None>
    <None Include="..\Shaders\lightCube.frag">
      <Filter>Shaders</Filter>
    </None>
    <None Include="..\Shaders\lightCube.vert">
      <Filter>Shaders</Filter>
    </None>
    <None Include="..\Shaders\lit.frag">
      <Filter>Shaders</Filter>
    </None>
    <None Include="..\Shaders\lit.vert">
      <Filter>Shaders</Filter>
    </None>
    <None Include="..\Shaders\litNormal.frag">
      <Filter>Shaders</Filter>
    </None>
    <None Include="..\Shaders\litNormal.vert">
      <Filter>Shaders</Filter>
    </None>
    <None Include="..\Shaders\oldShader.frag">
      <Filter>Shaders</Filter>
    </None>
    <None Include="..\Shaders\oldShader.vert">
      <Filter>Shaders</Filter>
    </None>
    <None Include="..\Shaders\screenShader.frag">
      <Filter>Shaders</Filter>
    </None>
    <None Include="..\Shaders\screenShader.vert">
      <Filter>Shaders</Filter>
    </None>
    <None Include="..\Shaders\simpleTextured.frag">
      <Filter>Shaders</Filter>
    </None>
    <None Include="..\Shaders\simpleTextured.vert">
      <Filter>Shaders</Filter>
    </None>
    <None Include="..\Shaders\solidColour.frag">
      <Filter>Shaders</Filter>
    </None>
    <None Include="..\Shaders\animate.frag">
      <Filter>Shaders</Filter>
    </None>
    <None Include="..\Shaders\animate.vert">
      <Filter>Shaders</Filter>
    </None>
    <None Include="..\Shaders\pbr.vert">
      <Filter>Shaders</Filter>
    </None>
    <None Include="..\Shaders\pbr.frag">
      <Filter>Shaders</Filter>
    </None>
    <None Include="..\Shaders\framebuffer.frag">
      <Filter>Shaders</Filter>
    </None>
    <None Include="..\Shaders\framebuffer.vert">
      <Filter>Shaders</Filter>
    </None>
    <None Include="..\Shaders\simpleDepthShader.frag">
      <Filter>Shaders</Filter>
    </None>
    <None Include="..\Shaders\simpleDepthShader.vert">
      <Filter>Shaders</Filter>
    </None>
    <None Include="..\Shaders\shadowMapping.vert">
      <Filter>Shaders</Filter>
    </None>
    <None Include="..\Shaders\shadowMapping.frag">
      <Filter>Shaders</Filter>
    </None>
    <None Include="..\Shaders\shadowDebug.vert">
      <Filter>Shaders</Filter>
    </None>
    <None Include="..\Shaders\shadowDebug.frag">
      <Filter>Shaders</Filter>
    </None>
    <None Include="..\Shaders\ui.frag">
      <Filter>Shaders</Filter>
    </None>
    <None Include="..\Shaders\ui.vert">
      <Filter>Shaders</Filter>
    </None>
    <None Include="..\Shaders\brdf.frag">
      <Filter>Shaders</Filter>
    </None>
    <None Include="..\Shaders\default.vert">
      <Filter>Shaders</Filter>
    </None>
    <None Include="..\Shaders\downSample.frag">
      <Filter>Shaders</Filter>
    </None>
    <None Include="..\Shaders\Display.frag">
      <Filter>Shaders</Filter>
    </None>
    <None Include="..\Shaders\irradiance.frag">
      <Filter>Shaders</Filter>
    </None>
    <None Include="..\Shaders\irradiance.vert">
      <Filter>Shaders</Filter>
    </None>
    <None Include="..\Shaders\prefilter.frag">
      <Filter>Shaders</Filter>
    </None>
    <None Include="..\Shaders\prefilter.vert">
      <Filter>Shaders</Filter>
    </None>
    <None Include="..\Shaders\upSample.frag">
      <Filter>Shaders</Filter>
    </None>
    <None Include="..\Shaders\superDuper.vert">
      <Filter>Shaders</Filter>
    </None>
    <None Include="..\Shaders\superDuper.frag">
      <Filter>Shaders</Filter>
    </None>
    <None Include="..\Shaders\lineRenderer.frag">
      <Filter>Shaders</Filter>
    </None>
    <None Include="..\Shaders\lineRenderer.vert">
      <Filter>Shaders</Filter>
    </None>
    <None Include="..\Shaders\ssao.frag">
      <Filter>Shaders</Filter>
    </None>
    <None Include="..\Shaders\ssaoBlur.frag">
      <Filter>Shaders</Filter>
    </None>
    <None Include="..\Shaders\paintedNormals.frag">
      <Filter>Shaders</Filter>
    </None>
    <None Include="..\Shaders\paintedNormals.vert">
      <Filter>Shaders</Filter>
    </None>
    <None Include="cpp.hint">
      <Filter>Resource Files</Filter>
    </None>
    <None Include="..\Shaders\floorWorld.vert">
      <Filter>Shaders</Filter>
    </None>
    <None Include="..\Shaders\particle.frag">
      <Filter>Shaders</Filter>
    </None>
    <None Include="..\Shaders\particle.vert">
      <Filter>Shaders</Filter>
    </None>
    <None Include="..\Shaders\prepass.frag">
      <Filter>Shaders</Filter>
    </None>
    <None Include="..\Shaders\prepass.vert">
      <Filter>Shaders</Filter>
    </None>
    <None Include="..\Shaders\ambient.frag">
      <Filter>Shaders</Filter>
    </None>
    <None Include="..\Shaders\spotlight.frag">
      <Filter>Shaders</Filter>
    </None>
    <None Include="..\Shaders\spotlight.vert">
      <Filter>Shaders</Filter>
    </None>
    <None Include="..\Shaders\spotlightShadows.vert">
      <Filter>Shaders</Filter>
    </None>
    <None Include="..\Shaders\spotlightShadows.frag">
      <Filter>Shaders</Filter>
    </None>
    <None Include="..\Shaders\decal.frag">
      <Filter>Shaders</Filter>
    </None>
    <None Include="..\Shaders\decal.vert">
      <Filter>Shaders</Filter>
    </None>
    <None Include="..\Shaders\beam.vert">
      <Filter>Shaders</Filter>
    </None>
    <None Include="..\Shaders\beam.frag">
      <Filter>Shaders</Filter>
    </None>
    <None Include="..\Shaders\composite.frag">
      <Filter>Shaders</Filter>
    </None>
    <None Include="..\Shaders\defaultWithNormal.vert">
      <Filter>Shaders</Filter>
    </None>
    <None Include="..\Shaders\healthBar.frag">
      <Filter>Shaders</Filter>
    </None>
    <None Include="..\Shaders\pointLight.vert">
      <Filter>Shaders</Filter>
    </None>
    <None Include="..\Shaders\pointLight.frag">
      <Filter>Shaders</Filter>
    </None>
    <None Include="..\Shaders\healthBar.vert">
      <Filter>Shaders</Filter>
    </None>
    <None Include="..\Shaders\simpleTexturedWithCutout.frag">
      <Filter>Shaders</Filter>
    </None>
    <None Include="..\Shaders\syncArrow.vert">
      <Filter>Shaders</Filter>
    </None>
    <None Include="..\Shaders\syncArrow.frag">
      <Filter>Shaders</Filter>
    </None>
    <None Include="..\Shaders\eccoFaceAnim.vert">
      <Filter>Shaders</Filter>
    </None>
    <None Include="..\Shaders\eccoFaceAnim.frag">
      <Filter>Shaders</Filter>
    </None>
    <None Include="..\Shaders\lineLight.frag">
      <Filter>Shaders</Filter>
    </None>
    <None Include="..\Shaders\lineLight.vert">
      <Filter>Shaders</Filter>
    </None>
  </ItemGroup>
</Project>