<?xml version="1.0" encoding="utf-8"?>
<Project ToolsVersion="4.0" xmlns="http://schemas.microsoft.com/developer/msbuild/2003">
  <ItemGroup>
    <Filter Include="Source Files">
      <UniqueIdentifier>{4FC737F1-C7A5-4376-A066-2A32D752A2FF}</UniqueIdentifier>
      <Extensions>cpp;c;cc;cxx;c++;cppm;ixx;def;odl;idl;hpj;bat;asm;asmx</Extensions>
    </Filter>
    <Filter Include="Resource Files">
      <UniqueIdentifier>{67DA6AB6-F800-4c08-8B7A-83BB121AAD01}</UniqueIdentifier>
      <Extensions>rc;ico;cur;bmp;dlg;rc2;rct;bin;rgs;gif;jpg;jpeg;jpe;resx;tiff;tif;png;wav;mfcribbon-ms</Extensions>
    </Filter>
    <Filter Include="Shaders">
      <UniqueIdentifier>{eb2e6c44-d498-433f-8cf7-82821a8ddb96}</UniqueIdentifier>
    </Filter>
    <Filter Include="Source Files\Networking">
      <UniqueIdentifier>{76031ace-e721-45b9-abe8-8bd85f986b07}</UniqueIdentifier>
    </Filter>
    <Filter Include="Source Files\Parts">
      <UniqueIdentifier>{81dc77f3-dadb-42f2-aed9-61345147e743}</UniqueIdentifier>
    </Filter>
    <Filter Include="Source Files\Third-Party">
      <UniqueIdentifier>{b77f2829-195b-4ea4-8273-67b61165c5c6}</UniqueIdentifier>
    </Filter>
    <Filter Include="Source Files\Third-Party\imgui">
      <UniqueIdentifier>{4498e363-cecc-41c8-b25e-c65e956b25cf}</UniqueIdentifier>
    </Filter>
    <Filter Include="Source Files\Third-Party\GLAD">
      <UniqueIdentifier>{d5b021b9-30a2-416d-841e-3763ebe67cc7}</UniqueIdentifier>
    </Filter>
    <Filter Include="Source Files\Scene Management">
      <UniqueIdentifier>{72005ac3-ad82-46d2-b2e6-527517855f9a}</UniqueIdentifier>
    </Filter>
    <Filter Include="Source Files\Networking\Messenger">
      <UniqueIdentifier>{7aa7a8ad-c989-4174-96b9-90360e672617}</UniqueIdentifier>
    </Filter>
    <Filter Include="Source Files\Third-Party\stb">
      <UniqueIdentifier>{84d589c5-9e09-4125-b508-c64522ff9845}</UniqueIdentifier>
    </Filter>
    <Filter Include="Source Files\Misc">
      <UniqueIdentifier>{dfd8a0f8-c52f-4699-98a2-4ad3f47acaff}</UniqueIdentifier>
    </Filter>
    <Filter Include="Source Files\Rendering">
      <UniqueIdentifier>{242ffe14-7501-4c9a-8f83-4572fe6fd244}</UniqueIdentifier>
    </Filter>
    <Filter Include="Source Files\Rendering\Animation">
      <UniqueIdentifier>{4eb9cfad-9498-42ab-a0b9-e9dfdb6bb6d0}</UniqueIdentifier>
    </Filter>
    <Filter Include="Source Files\Networking\eNet">
      <UniqueIdentifier>{be834839-75de-4247-8b62-241ef958309b}</UniqueIdentifier>
    </Filter>
    <Filter Include="Source Files\Systems">
      <UniqueIdentifier>{f60ce024-c93b-46e0-9a13-7117129651af}</UniqueIdentifier>
    </Filter>
  </ItemGroup>
  <ItemGroup>
    <ClCompile Include="Main.cpp">
      <Filter>Source Files</Filter>
    </ClCompile>
    <ClCompile Include="glad.c">
      <Filter>Source Files\Third-Party\GLAD</Filter>
    </ClCompile>
    <ClCompile Include="Client.cpp">
      <Filter>Source Files\Networking</Filter>
    </ClCompile>
    <ClCompile Include="Server.cpp">
      <Filter>Source Files\Networking</Filter>
    </ClCompile>
    <ClCompile Include="MessengerNetwork.cpp">
      <Filter>Source Files\Networking\Messenger</Filter>
    </ClCompile>
    <ClCompile Include="MessengerClient.cpp">
      <Filter>Source Files\Networking\Messenger</Filter>
    </ClCompile>
    <ClCompile Include="MessengerInterface.cpp">
      <Filter>Source Files\Networking\Messenger</Filter>
    </ClCompile>
    <ClCompile Include="MessengerServer.cpp">
      <Filter>Source Files\Networking\Messenger</Filter>
    </ClCompile>
    <ClCompile Include="Network.cpp">
      <Filter>Source Files\Networking</Filter>
    </ClCompile>
    <ClCompile Include="Material.cpp">
      <Filter>Source Files\Rendering</Filter>
    </ClCompile>
    <ClCompile Include="Mesh.cpp">
      <Filter>Source Files\Rendering</Filter>
    </ClCompile>
    <ClCompile Include="Model.cpp">
      <Filter>Source Files\Rendering</Filter>
    </ClCompile>
    <ClCompile Include="Texture.cpp">
      <Filter>Source Files\Rendering</Filter>
    </ClCompile>
    <ClCompile Include="Light.cpp">
      <Filter>Source Files\Parts</Filter>
    </ClCompile>
    <ClCompile Include="ModelRenderer.cpp">
      <Filter>Source Files\Parts</Filter>
    </ClCompile>
    <ClCompile Include="Part.cpp">
      <Filter>Source Files\Parts</Filter>
    </ClCompile>
    <ClCompile Include="Camera.cpp">
      <Filter>Source Files\Parts</Filter>
    </ClCompile>
    <ClCompile Include="Shader.cpp">
      <Filter>Source Files\Rendering</Filter>
    </ClCompile>
    <ClCompile Include="Transform.cpp">
      <Filter>Source Files\Parts</Filter>
    </ClCompile>
    <ClCompile Include="ResourceManager.cpp">
      <Filter>Source Files\Rendering</Filter>
    </ClCompile>
    <ClCompile Include="Scene.cpp">
      <Filter>Source Files\Scene Management</Filter>
    </ClCompile>
    <ClCompile Include="SceneManager.cpp">
      <Filter>Source Files\Scene Management</Filter>
    </ClCompile>
    <ClCompile Include="SceneObject.cpp">
      <Filter>Source Files\Scene Management</Filter>
    </ClCompile>
    <ClCompile Include="Vertex.cpp">
      <Filter>Source Files\Rendering</Filter>
    </ClCompile>
    <ClCompile Include="Utilities.cpp">
      <Filter>Source Files\Misc</Filter>
    </ClCompile>
    <ClCompile Include="GUI.cpp">
      <Filter>Source Files\Misc</Filter>
    </ClCompile>
    <ClCompile Include="ImGuiStyles.cpp">
      <Filter>Source Files\Misc</Filter>
    </ClCompile>
    <ClCompile Include="..\imgui\imgui.cpp">
      <Filter>Source Files\Third-Party\imgui</Filter>
    </ClCompile>
    <ClCompile Include="..\imgui\imgui_demo.cpp">
      <Filter>Source Files\Third-Party\imgui</Filter>
    </ClCompile>
    <ClCompile Include="..\imgui\imgui_draw.cpp">
      <Filter>Source Files\Third-Party\imgui</Filter>
    </ClCompile>
    <ClCompile Include="..\imgui\imgui_impl_glfw.cpp">
      <Filter>Source Files\Third-Party\imgui</Filter>
    </ClCompile>
    <ClCompile Include="..\imgui\imgui_impl_opengl3.cpp">
      <Filter>Source Files\Third-Party\imgui</Filter>
    </ClCompile>
    <ClCompile Include="..\imgui\imgui_stdlib.cpp">
      <Filter>Source Files\Third-Party\imgui</Filter>
    </ClCompile>
    <ClCompile Include="..\imgui\imgui_tables.cpp">
      <Filter>Source Files\Third-Party\imgui</Filter>
    </ClCompile>
    <ClCompile Include="..\imgui\imgui_widgets.cpp">
      <Filter>Source Files\Third-Party\imgui</Filter>
    </ClCompile>
    <ClCompile Include="Skybox.cpp">
      <Filter>Source Files\Rendering</Filter>
    </ClCompile>
    <ClCompile Include="AssimpMatrixToGLM.cpp">
      <Filter>Source Files\Third-Party</Filter>
    </ClCompile>
    <ClCompile Include="Animation.cpp">
      <Filter>Source Files\Rendering\Animation</Filter>
    </ClCompile>
    <ClCompile Include="Animator.cpp">
      <Filter>Source Files\Rendering\Animation</Filter>
    </ClCompile>
    <ClCompile Include="Bone.cpp">
      <Filter>Source Files\Rendering\Animation</Filter>
    </ClCompile>
    <ClCompile Include="TestScene.cpp">
      <Filter>Source Files\Scene Management</Filter>
    </ClCompile>
    <ClCompile Include="FrameBuffer.cpp">
      <Filter>Source Files\Rendering</Filter>
    </ClCompile>
    <ClCompile Include="BlendedAnimator.cpp">
      <Filter>Source Files\Rendering\Animation</Filter>
    </ClCompile>
    <ClCompile Include="Serialisation.h">
      <Filter>Source Files\Third-Party</Filter>
    </ClCompile>
    <ClCompile Include="eNetTest.cpp">
      <Filter>Source Files\Networking\eNet</Filter>
    </ClCompile>
    <ClCompile Include="RenderSystem.cpp">
      <Filter>Source Files\Systems</Filter>
    </ClCompile>
    <ClCompile Include="ArtScene.cpp">
      <Filter>Source Files\Scene Management</Filter>
    </ClCompile>
  </ItemGroup>
  <ItemGroup>
    <ClInclude Include="glad.h">
      <Filter>Source Files\Third-Party\GLAD</Filter>
    </ClInclude>
    <ClInclude Include="khrplatform.h">
      <Filter>Source Files\Third-Party\GLAD</Filter>
    </ClInclude>
    <ClInclude Include="Server.h">
      <Filter>Source Files\Networking</Filter>
    </ClInclude>
    <ClInclude Include="Client.h">
      <Filter>Source Files\Networking</Filter>
    </ClInclude>
    <ClInclude Include="Network.h">
      <Filter>Source Files\Networking</Filter>
    </ClInclude>
    <ClInclude Include="MessengerServer.h">
      <Filter>Source Files\Networking\Messenger</Filter>
    </ClInclude>
    <ClInclude Include="MessengerNetwork.h">
      <Filter>Source Files\Networking\Messenger</Filter>
    </ClInclude>
    <ClInclude Include="MessengerClient.h">
      <Filter>Source Files\Networking\Messenger</Filter>
    </ClInclude>
    <ClInclude Include="MessengerInterface.h">
      <Filter>Source Files\Networking\Messenger</Filter>
    </ClInclude>
    <ClInclude Include="ModelRenderer.h">
      <Filter>Source Files\Parts</Filter>
    </ClInclude>
    <ClInclude Include="Camera.h">
      <Filter>Source Files\Parts</Filter>
    </ClInclude>
    <ClInclude Include="Light.h">
      <Filter>Source Files\Parts</Filter>
    </ClInclude>
    <ClInclude Include="Material.h">
      <Filter>Source Files\Rendering</Filter>
    </ClInclude>
    <ClInclude Include="Mesh.h">
      <Filter>Source Files\Rendering</Filter>
    </ClInclude>
    <ClInclude Include="Model.h">
      <Filter>Source Files\Rendering</Filter>
    </ClInclude>
    <ClInclude Include="ResourceManager.h">
      <Filter>Source Files\Rendering</Filter>
    </ClInclude>
    <ClInclude Include="Scene.h">
      <Filter>Source Files\Scene Management</Filter>
    </ClInclude>
    <ClInclude Include="SceneManager.h">
      <Filter>Source Files\Scene Management</Filter>
    </ClInclude>
    <ClInclude Include="SceneObject.h">
      <Filter>Source Files\Scene Management</Filter>
    </ClInclude>
    <ClInclude Include="Vertex.h">
      <Filter>Source Files\Rendering</Filter>
    </ClInclude>
    <ClInclude Include="Graphics.h">
      <Filter>Source Files\Third-Party</Filter>
    </ClInclude>
    <ClInclude Include="Transform.h">
      <Filter>Source Files\Parts</Filter>
    </ClInclude>
    <ClInclude Include="Part.h">
      <Filter>Source Files\Parts</Filter>
    </ClInclude>
    <ClInclude Include="Maths.h">
      <Filter>Source Files\Third-Party</Filter>
    </ClInclude>
    <ClInclude Include="Shader.h">
      <Filter>Source Files\Rendering</Filter>
    </ClInclude>
    <ClInclude Include="Texture.h">
      <Filter>Source Files\Rendering</Filter>
    </ClInclude>
    <ClInclude Include="stb_image.h">
      <Filter>Source Files\Third-Party\stb</Filter>
    </ClInclude>
    <ClInclude Include="Utilities.h">
      <Filter>Source Files\Misc</Filter>
    </ClInclude>
    <ClInclude Include="GUI.h">
      <Filter>Source Files\Misc</Filter>
    </ClInclude>
    <ClInclude Include="ImGuiStyles.h">
      <Filter>Source Files\Misc</Filter>
    </ClInclude>
    <ClInclude Include="..\imgui\imconfig.h">
      <Filter>Source Files\Third-Party\imgui</Filter>
    </ClInclude>
    <ClInclude Include="..\imgui\imgui.h">
      <Filter>Source Files\Third-Party\imgui</Filter>
    </ClInclude>
    <ClInclude Include="..\imgui\imgui_impl_glfw.h">
      <Filter>Source Files\Third-Party\imgui</Filter>
    </ClInclude>
    <ClInclude Include="..\imgui\imgui_impl_opengl3.h">
      <Filter>Source Files\Third-Party\imgui</Filter>
    </ClInclude>
    <ClInclude Include="..\imgui\imgui_impl_opengl3_loader.h">
      <Filter>Source Files\Third-Party\imgui</Filter>
    </ClInclude>
    <ClInclude Include="..\imgui\imgui_internal.h">
      <Filter>Source Files\Third-Party\imgui</Filter>
    </ClInclude>
    <ClInclude Include="..\imgui\imgui_stdlib.h">
      <Filter>Source Files\Third-Party\imgui</Filter>
    </ClInclude>
    <ClInclude Include="..\imgui\imstb_rectpack.h">
      <Filter>Source Files\Third-Party\imgui</Filter>
    </ClInclude>
    <ClInclude Include="..\imgui\imstb_textedit.h">
      <Filter>Source Files\Third-Party\imgui</Filter>
    </ClInclude>
    <ClInclude Include="..\imgui\imstb_truetype.h">
      <Filter>Source Files\Third-Party\imgui</Filter>
    </ClInclude>
    <ClInclude Include="FixedSizeQueue.h">
      <Filter>Source Files\Misc</Filter>
    </ClInclude>
    <ClInclude Include="Skybox.h">
      <Filter>Source Files\Rendering</Filter>
    </ClInclude>
    <ClInclude Include="AssimpMatrixToGLM.h">
      <Filter>Source Files\Third-Party</Filter>
    </ClInclude>
    <ClInclude Include="Animation.h">
      <Filter>Source Files\Rendering\Animation</Filter>
    </ClInclude>
    <ClInclude Include="Animator.h">
      <Filter>Source Files\Rendering\Animation</Filter>
    </ClInclude>
    <ClInclude Include="Bone.h">
      <Filter>Source Files\Rendering\Animation</Filter>
    </ClInclude>
    <ClInclude Include="BoneInfo.h">
      <Filter>Source Files\Rendering\Animation</Filter>
    </ClInclude>
    <ClInclude Include="TestScene.h">
      <Filter>Source Files\Scene Management</Filter>
    </ClInclude>
    <ClInclude Include="FrameBuffer.h">
      <Filter>Source Files\Rendering</Filter>
    </ClInclude>
    <ClInclude Include="BlendedAnimator.h">
      <Filter>Source Files\Rendering\Animation</Filter>
    </ClInclude>
    <ClInclude Include="toml.hpp">
      <Filter>Source Files\Third-Party</Filter>
    </ClInclude>
    <ClInclude Include="eNetTest.h">
      <Filter>Source Files\Networking\eNet</Filter>
    </ClInclude>
    <ClInclude Include="RenderSystem.h">
      <Filter>Source Files\Systems</Filter>
    </ClInclude>
    <ClInclude Include="shaderEnum.h">
      <Filter>Source Files\Systems</Filter>
    </ClInclude>
    <ClInclude Include="ArtScene.h">
      <Filter>Source Files\Scene Management</Filter>
    </ClInclude>
  </ItemGroup>
  <ItemGroup>
    <None Include="..\Shaders\cubemap.frag">
      <Filter>Shaders</Filter>
    </None>
    <None Include="..\Shaders\cubemap.vert">
      <Filter>Shaders</Filter>
    </None>
    <None Include="..\Shaders\lightCube.frag">
      <Filter>Shaders</Filter>
    </None>
    <None Include="..\Shaders\lightCube.vert">
      <Filter>Shaders</Filter>
    </None>
    <None Include="..\Shaders\lit.frag">
      <Filter>Shaders</Filter>
    </None>
    <None Include="..\Shaders\lit.vert">
      <Filter>Shaders</Filter>
    </None>
    <None Include="..\Shaders\litNormal.frag">
      <Filter>Shaders</Filter>
    </None>
    <None Include="..\Shaders\litNormal.vert">
      <Filter>Shaders</Filter>
    </None>
    <None Include="..\Shaders\oldShader.frag">
      <Filter>Shaders</Filter>
    </None>
    <None Include="..\Shaders\oldShader.vert">
      <Filter>Shaders</Filter>
    </None>
    <None Include="..\Shaders\screenShader.frag">
      <Filter>Shaders</Filter>
    </None>
    <None Include="..\Shaders\screenShader.vert">
      <Filter>Shaders</Filter>
    </None>
    <None Include="..\Shaders\simpleTextured.frag">
      <Filter>Shaders</Filter>
    </None>
    <None Include="..\Shaders\simpleTextured.vert">
      <Filter>Shaders</Filter>
    </None>
    <None Include="..\Shaders\solidColour.frag">
      <Filter>Shaders</Filter>
    </None>
    <None Include="..\Shaders\animate.frag">
      <Filter>Shaders</Filter>
    </None>
    <None Include="..\Shaders\animate.vert">
      <Filter>Shaders</Filter>
    </None>
    <None Include="..\Shaders\pbr.vert">
      <Filter>Shaders</Filter>
    </None>
    <None Include="..\Shaders\pbr.frag">
      <Filter>Shaders</Filter>
    </None>
    <None Include="..\Shaders\framebuffer.frag">
      <Filter>Shaders</Filter>
    </None>
    <None Include="..\Shaders\framebuffer.vert">
      <Filter>Shaders</Filter>
    </None>
    <None Include="..\Shaders\simpleDepthShader.frag">
      <Filter>Shaders</Filter>
    </None>
    <None Include="..\Shaders\simpleDepthShader.vert">
      <Filter>Shaders</Filter>
    </None>
    <None Include="..\Shaders\shadowMapping.vert">
      <Filter>Shaders</Filter>
    </None>
    <None Include="..\Shaders\shadowMapping.frag">
      <Filter>Shaders</Filter>
    </None>
    <None Include="..\Shaders\shadowDebug.vert">
      <Filter>Shaders</Filter>
    </None>
    <None Include="..\Shaders\shadowDebug.frag">
      <Filter>Shaders</Filter>
    </None>
    <None Include="..\Shaders\superShader.frag">
      <Filter>Shaders</Filter>
    </None>
    <None Include="..\Shaders\superShader.vert">
      <Filter>Shaders</Filter>
    </None>
    <None Include="..\Shaders\ui.frag">
      <Filter>Shaders</Filter>
    </None>
    <None Include="..\Shaders\ui.vert">
      <Filter>Shaders</Filter>
    </None>
    <None Include="..\Shaders\brdf.frag">
      <Filter>Shaders</Filter>
    </None>
    <None Include="..\Shaders\default.vert">
      <Filter>Shaders</Filter>
    </None>
    <None Include="..\Shaders\downSample.frag">
      <Filter>Shaders</Filter>
    </None>
    <None Include="..\Shaders\HDRBloom.frag">
      <Filter>Shaders</Filter>
    </None>
    <None Include="..\Shaders\irradiance.frag">
      <Filter>Shaders</Filter>
    </None>
    <None Include="..\Shaders\irradiance.vert">
      <Filter>Shaders</Filter>
    </None>
    <None Include="..\Shaders\prefilter.frag">
      <Filter>Shaders</Filter>
    </None>
    <None Include="..\Shaders\prefilter.vert">
      <Filter>Shaders</Filter>
    </None>
    <None Include="..\Shaders\upSample.frag">
      <Filter>Shaders</Filter>
    </None>
  </ItemGroup>
</Project>